{
  "requires": true,
  "lockfileVersion": 1,
  "dependencies": {
    "@agm/snazzy-info-window": {
      "version": "1.0.0-beta.2",
      "resolved": "https://registry.npmjs.org/@agm/snazzy-info-window/-/snazzy-info-window-1.0.0-beta.2.tgz",
      "integrity": "sha512-YboKYJ2IzxY27XzGun4rHDw7I8BcHqfEgmzMR7bqSo1UH+JlgSNbuWfEQ2UvKqPlmW0bNm0o6xK8SfbE531QZA=="
    },
    "snazzy-info-window": {
      "version": "1.1.1",
      "resolved": "https://registry.npmjs.org/snazzy-info-window/-/snazzy-info-window-1.1.1.tgz",
      "integrity": "sha1-O02k9Bw6pqpK2HjsuXw8LrXImy8="
    }
  }
}
